{
  "nodes": {
    "dotfiles": {
      "flake": false,
      "locked": {
        "lastModified": 1790651085,
        "narHash": "sha256-xPEiV6NOcxbgRXKvEMYEyh75H/Pf4Q6C1h06YYerwJM=",
        "owner": "pmarreck",
        "repo": "dotfiles",
        "rev": "8011591fc75a2d61682fd696e1d0385f6645eb5c",
        "type": "github"
      },
      "original": {
        "owner": "pmarreck",
        "repo": "dotfiles",
        "type": "github"
      }
    },
    "flake-utils": {
      "inputs": {
        "systems": "systems"
      },
      "locked": {
        "lastModified": 1731533236,
        "narHash": "sha256-l0KFg5HjrsfsO/JpG+r7fRrqm12kzFHyUHqHCVpMMbI=",
        "owner": "numtide",
        "repo": "flake-utils",
        "rev": "11707dc2f618dd54ca8739b309ec4fc024de578b",
        "type": "github"
      },
      "original": {
        "owner": "numtide",
        "repo": "flake-utils",
        "rev": "11707dc2f618dd54ca8739b309ec4fc024de578b",
        "type": "github"
      }
    },
    "nixpkgs": {
      "locked": {
        "lastModified": 1787736819,
        "narHash": "sha256-cV5xEJJK3BvhU8rEd4mC9UsmDi5qscv/kzGPhBRC5WA=",
        "owner": "NixOS",
        "repo": "nixpkgs",
        "rev": "9fbb54b33e91ee4ca368e35a78e0613c720600b3",
        "type": "github"
      },
      "original": {
        "owner": "NixOS",
        "repo": "nixpkgs",
        "rev": "9fbb54b33e91ee4ca368e35a78e0613c720600b3",
        "type": "github"
      }
    },
    "nixpkgs_2": {
      "locked": {
        "lastModified": 1787736819,
        "narHash": "sha256-cV5xEJJK3BvhU8rEd4mC9UsmDi5qscv/kzGPhBRC5WA=",
        "owner": "NixOS",
        "repo": "nixpkgs",
        "rev": "9fbb54b33e91ee4ca368e35a78e0613c720600b3",
        "type": "github"
      },
      "original": {
        "owner": "NixOS",
        "repo": "nixpkgs",
        "rev": "9fbb54b33e91ee4ca368e35a78e0613c720600b3",
        "type": "github"
      }
    },
    "performance-profiling": {
      "inputs": {
        "dotfiles": "dotfiles",
        "nixpkgs": "nixpkgs_2",
        "printable-binary": "printable-binary"
      },
      "locked": {
        "lastModified": 1790992769,
        "narHash": "sha256-q91ilwgMo7qnB7m6BI69jdZl1xAN1r/c/FMAJGIpSRU=",
        "owner": "pmarreck",
        "repo": "performance_profiling",
        "rev": "a04d62a441a5b9315e81f6277f57f7eddb9a57af",
        "type": "github"
      },
      "original": {
        "owner": "pmarreck",
        "repo": "performance_profiling",
        "rev": "a04d62a441a5b9315e81f6277f57f7eddb9a57af",
        "type": "github"
      }
    },
    "printable-binary": {
      "flake": false,
      "locked": {
        "lastModified": 1784919354,
        "narHash": "sha256-N6ISjPumvcLoPoYAWErmN5Y4QMFqvjE7kcgUdJH2UY0=",
        "owner": "pmarreck",
        "repo": "printable_binary",
        "rev": "3f697d53f447144e9ba1b73c4217b382f32b4d62",
        "type": "github"
      },
      "original": {
        "owner": "pmarreck",
        "repo": "printable_binary",
        "rev": "3f697d53f447144e9ba1b73c4217b382f32b4d62",
        "type": "github"
      }
    },
    "root": {
      "inputs": {
        "flake-utils": "flake-utils",
        "nixpkgs": "nixpkgs",
        "performance-profiling": "performance-profiling"
      }
    },
    "systems": {
      "locked": {
        "lastModified": 1681028828,
        "narHash": "sha256-Vy1rq5AaRuLzOxct8nz4T6wlgyUR7zLU309k9mBC768=",
        "owner": "nix-systems",
        "repo": "default",
        "rev": "da67096a3b9bf56a91d16901293e51ba5b49a27e",
        "type": "github"
      },
      "original": {
        "owner": "nix-systems",
        "repo": "default",
        "type": "github"
      }
    }
  },
  "root": "root",
  "version": 7
}
